Microsoft Visual Studio Solution File, Format Version 8.00
Project("{54435603-DBB4-11D2-8724-00A0C9A8B90C}") = "exe4", "exe4.vdproj", "{C8176B44-0506-42EE-8FA3-A957D5B15BC5}"
	ProjectSection(ProjectDependencies) = postProject
	EndProjectSection
EndProject
Global
	GlobalSection(SolutionConfiguration) = preSolution
		Debug = Debug
		Release = Release
	EndGlobalSection
	GlobalSection(ProjectConfiguration) = postSolution
		{C8176B44-0506-42EE-8FA3-A957D5B15BC5}.Debug.ActiveCfg = Debug
		{C8176B44-0506-42EE-8FA3-A957D5B15BC5}.Debug.Build.0 = Debug
		{C8176B44-0506-42EE-8FA3-A957D5B15BC5}.Release.ActiveCfg = Release
		{C8176B44-0506-42EE-8FA3-A957D5B15BC5}.Release.Build.0 = Release
	EndGlobalSection
	GlobalSection(ExtensibilityGlobals) = postSolution
	EndGlobalSection
	GlobalSection(ExtensibilityAddIns) = postSolution
	EndGlobalSection
EndGlobal
